// !$*UTF8*$!
{
	archiveVersion = 1;
	classes = {
	};
	objectVersion = 56;
	objects = {

/* Begin PBXBuildFile section */
		CFB9A87A2C04953800583091 /* AppDelegate.swift in Sources */ = {isa = PBXBuildFile; fileRef = CFB9A8792C04953800583091 /* AppDelegate.swift */; };
		CFB9A87C2C04953800583091 /* SceneDelegate.swift in Sources */ = {isa = PBXBuildFile; fileRef = CFB9A87B2C04953800583091 /* SceneDelegate.swift */; };
		CFB9A87E2C04953800583091 /* ViewController.swift in Sources */ = {isa = PBXBuildFile; fileRef = CFB9A87D2C04953800583091 /* ViewController.swift */; };
		CFB9A8812C04953800583091 /* Base in Resources */ = {isa = PBXBuildFile; fileRef = CFB9A8802C04953800583091 /* Base */; };
		CFB9A8832C04953A00583091 /* Assets.xcassets in Resources */ = {isa = PBXBuildFile; fileRef = CFB9A8822C04953A00583091 /* Assets.xcassets */; };
		CFB9A8862C04953A00583091 /* Base in Resources */ = {isa = PBXBuildFile; fileRef = CFB9A8852C04953A00583091 /* Base */; };
		CFB9A8912C04953B00583091 /* ShareKhanTestProjectTests.swift in Sources */ = {isa = PBXBuildFile; fileRef = CFB9A8902C04953B00583091 /* ShareKhanTestProjectTests.swift */; };
		CFB9A89B2C04953B00583091 /* ShareKhanTestProjectUITests.swift in Sources */ = {isa = PBXBuildFile; fileRef = CFB9A89A2C04953B00583091 /* ShareKhanTestProjectUITests.swift */; };
		CFB9A89D2C04953B00583091 /* ShareKhanTestProjectUITestsLaunchTests.swift in Sources */ = {isa = PBXBuildFile; fileRef = CFB9A89C2C04953B00583091 /* ShareKhanTestProjectUITestsLaunchTests.swift */; };
		CFB9A8AA2C04973800583091 /* UIColorExtension.swift in Sources */ = {isa = PBXBuildFile; fileRef = CFB9A8A92C04973800583091 /* UIColorExtension.swift */; };
		CFB9A8AC2C04996F00583091 /* ProtpertiesSingleton.swift in Sources */ = {isa = PBXBuildFile; fileRef = CFB9A8AB2C04996F00583091 /* ProtpertiesSingleton.swift */; };
		CFB9A8B12C049A9000583091 /* CellDataStreaming.swift in Sources */ = {isa = PBXBuildFile; fileRef = CFB9A8AF2C049A9000583091 /* CellDataStreaming.swift */; };
		CFB9A8B22C049A9000583091 /* CellDataStreaming.xib in Resources */ = {isa = PBXBuildFile; fileRef = CFB9A8B02C049A9000583091 /* CellDataStreaming.xib */; };
		CFB9A8B52C049C3600583091 /* CellSessionValidation.swift in Sources */ = {isa = PBXBuildFile; fileRef = CFB9A8B32C049C3600583091 /* CellSessionValidation.swift */; };
		CFB9A8B62C049C3600583091 /* CellSessionValidation.xib in Resources */ = {isa = PBXBuildFile; fileRef = CFB9A8B42C049C3600583091 /* CellSessionValidation.xib */; };
		CFB9A8BA2C049D1D00583091 /* CellNotificationCell.swift in Sources */ = {isa = PBXBuildFile; fileRef = CFB9A8B82C049D1D00583091 /* CellNotificationCell.swift */; };
		CFB9A8BB2C049D1D00583091 /* CellNotificationCell.xib in Resources */ = {isa = PBXBuildFile; fileRef = CFB9A8B92C049D1D00583091 /* CellNotificationCell.xib */; };
		CFB9A8BE2C049DDC00583091 /* CellSliderForFonts.swift in Sources */ = {isa = PBXBuildFile; fileRef = CFB9A8BC2C049DDC00583091 /* CellSliderForFonts.swift */; };
		CFB9A8BF2C049DDC00583091 /* CellSliderForFonts.xib in Resources */ = {isa = PBXBuildFile; fileRef = CFB9A8BD2C049DDC00583091 /* CellSliderForFonts.xib */; };
		CFB9A8C12C04AE0300583091 /* UITextFiledExtentions.swift in Sources */ = {isa = PBXBuildFile; fileRef = CFB9A8C02C04AE0300583091 /* UITextFiledExtentions.swift */; };
/* End PBXBuildFile section */

/* Begin PBXContainerItemProxy section */
		CFB9A88D2C04953B00583091 /* PBXContainerItemProxy */ = {
			isa = PBXContainerItemProxy;
			containerPortal = CFB9A86E2C04953800583091 /* Project object */;
			proxyType = 1;
			remoteGlobalIDString = CFB9A8752C04953800583091;
			remoteInfo = ShareKhanTestProject;
		};
		CFB9A8972C04953B00583091 /* PBXContainerItemProxy */ = {
			isa = PBXContainerItemProxy;
			containerPortal = CFB9A86E2C04953800583091 /* Project object */;
			proxyType = 1;
			remoteGlobalIDString = CFB9A8752C04953800583091;
			remoteInfo = ShareKhanTestProject;
		};
/* End PBXContainerItemProxy section */

/* Begin PBXFileReference section */
		CFB9A8762C04953800583091 /* ShareKhanTestProject.app */ = {isa = PBXFileReference; explicitFileType = wrapper.application; includeInIndex = 0; path = ShareKhanTestProject.app; sourceTree = BUILT_PRODUCTS_DIR; };
		CFB9A8792C04953800583091 /* AppDelegate.swift */ = {isa = PBXFileReference; lastKnownFileType = sourcecode.swift; path = AppDelegate.swift; sourceTree = "<group>"; };
		CFB9A87B2C04953800583091 /* SceneDelegate.swift */ = {isa = PBXFileReference; lastKnownFileType = sourcecode.swift; path = SceneDelegate.swift; sourceTree = "<group>"; };
		CFB9A87D2C04953800583091 /* ViewController.swift */ = {isa = PBXFileReference; lastKnownFileType = sourcecode.swift; path = ViewController.swift; sourceTree = "<group>"; };
		CFB9A8802C04953800583091 /* Base */ = {isa = PBXFileReference; lastKnownFileType = file.storyboard; name = Base; path = Base.lproj/Main.storyboard; sourceTree = "<group>"; };
		CFB9A8822C04953A00583091 /* Assets.xcassets */ = {isa = PBXFileReference; lastKnownFileType = folder.assetcatalog; path = Assets.xcassets; sourceTree = "<group>"; };
		CFB9A8852C04953A00583091 /* Base */ = {isa = PBXFileReference; lastKnownFileType = file.storyboard; name = Base; path = Base.lproj/LaunchScreen.storyboard; sourceTree = "<group>"; };
		CFB9A8872C04953A00583091 /* Info.plist */ = {isa = PBXFileReference; lastKnownFileType = text.plist.xml; path = Info.plist; sourceTree = "<group>"; };
		CFB9A88C2C04953B00583091 /* ShareKhanTestProjectTests.xctest */ = {isa = PBXFileReference; explicitFileType = wrapper.cfbundle; includeInIndex = 0; path = ShareKhanTestProjectTests.xctest; sourceTree = BUILT_PRODUCTS_DIR; };
		CFB9A8902C04953B00583091 /* ShareKhanTestProjectTests.swift */ = {isa = PBXFileReference; lastKnownFileType = sourcecode.swift; path = ShareKhanTestProjectTests.swift; sourceTree = "<group>"; };
		CFB9A8962C04953B00583091 /* ShareKhanTestProjectUITests.xctest */ = {isa = PBXFileReference; explicitFileType = wrapper.cfbundle; includeInIndex = 0; path = ShareKhanTestProjectUITests.xctest; sourceTree = BUILT_PRODUCTS_DIR; };
		CFB9A89A2C04953B00583091 /* ShareKhanTestProjectUITests.swift */ = {isa = PBXFileReference; lastKnownFileType = sourcecode.swift; path = ShareKhanTestProjectUITests.swift; sourceTree = "<group>"; };
		CFB9A89C2C04953B00583091 /* ShareKhanTestProjectUITestsLaunchTests.swift */ = {isa = PBXFileReference; lastKnownFileType = sourcecode.swift; path = ShareKhanTestProjectUITestsLaunchTests.swift; sourceTree = "<group>"; };
		CFB9A8A92C04973800583091 /* UIColorExtension.swift */ = {isa = PBXFileReference; lastKnownFileType = sourcecode.swift; path = UIColorExtension.swift; sourceTree = "<group>"; };
		CFB9A8AB2C04996F00583091 /* ProtpertiesSingleton.swift */ = {isa = PBXFileReference; lastKnownFileType = sourcecode.swift; path = ProtpertiesSingleton.swift; sourceTree = "<group>"; };
		CFB9A8AF2C049A9000583091 /* CellDataStreaming.swift */ = {isa = PBXFileReference; lastKnownFileType = sourcecode.swift; path = CellDataStreaming.swift; sourceTree = "<group>"; };
		CFB9A8B02C049A9000583091 /* CellDataStreaming.xib */ = {isa = PBXFileReference; lastKnownFileType = file.xib; path = CellDataStreaming.xib; sourceTree = "<group>"; };
		CFB9A8B32C049C3600583091 /* CellSessionValidation.swift */ = {isa = PBXFileReference; lastKnownFileType = sourcecode.swift; path = CellSessionValidation.swift; sourceTree = "<group>"; };
		CFB9A8B42C049C3600583091 /* CellSessionValidation.xib */ = {isa = PBXFileReference; lastKnownFileType = file.xib; path = CellSessionValidation.xib; sourceTree = "<group>"; };
		CFB9A8B82C049D1D00583091 /* CellNotificationCell.swift */ = {isa = PBXFileReference; lastKnownFileType = sourcecode.swift; path = CellNotificationCell.swift; sourceTree = "<group>"; };
		CFB9A8B92C049D1D00583091 /* CellNotificationCell.xib */ = {isa = PBXFileReference; lastKnownFileType = file.xib; path = CellNotificationCell.xib; sourceTree = "<group>"; };
		CFB9A8BC2C049DDC00583091 /* CellSliderForFonts.swift */ = {isa = PBXFileReference; lastKnownFileType = sourcecode.swift; path = CellSliderForFonts.swift; sourceTree = "<group>"; };
		CFB9A8BD2C049DDC00583091 /* CellSliderForFonts.xib */ = {isa = PBXFileReference; lastKnownFileType = file.xib; path = CellSliderForFonts.xib; sourceTree = "<group>"; };
		CFB9A8C02C04AE0300583091 /* UITextFiledExtentions.swift */ = {isa = PBXFileReference; lastKnownFileType = sourcecode.swift; path = UITextFiledExtentions.swift; sourceTree = "<group>"; };
/* End PBXFileReference section */

/* Begin PBXFrameworksBuildPhase section */
		CFB9A8732C04953800583091 /* Frameworks */ = {
			isa = PBXFrameworksBuildPhase;
			buildActionMask = 2147483647;
			files = (
			);
			runOnlyForDeploymentPostprocessing = 0;
		};
		CFB9A8892C04953B00583091 /* Frameworks */ = {
			isa = PBXFrameworksBuildPhase;
			buildActionMask = 2147483647;
			files = (
			);
			runOnlyForDeploymentPostprocessing = 0;
		};
		CFB9A8932C04953B00583091 /* Frameworks */ = {
			isa = PBXFrameworksBuildPhase;
			buildActionMask = 2147483647;
			files = (
			);
			runOnlyForDeploymentPostprocessing = 0;
		};
/* End PBXFrameworksBuildPhase section */

/* Begin PBXGroup section */
		CFB9A86D2C04953800583091 = {
			isa = PBXGroup;
			children = (
				CFB9A8782C04953800583091 /* ShareKhanTestProject */,
				CFB9A88F2C04953B00583091 /* ShareKhanTestProjectTests */,
				CFB9A8992C04953B00583091 /* ShareKhanTestProjectUITests */,
				CFB9A8772C04953800583091 /* Products */,
			);
			sourceTree = "<group>";
		};
		CFB9A8772C04953800583091 /* Products */ = {
			isa = PBXGroup;
			children = (
				CFB9A8762C04953800583091 /* ShareKhanTestProject.app */,
				CFB9A88C2C04953B00583091 /* ShareKhanTestProjectTests.xctest */,
				CFB9A8962C04953B00583091 /* ShareKhanTestProjectUITests.xctest */,
			);
			name = Products;
			sourceTree = "<group>";
		};
		CFB9A8782C04953800583091 /* ShareKhanTestProject */ = {
			isa = PBXGroup;
			children = (
				CFB9A8AD2C049A6000583091 /* Cells */,
				CFB9A8792C04953800583091 /* AppDelegate.swift */,
				CFB9A87B2C04953800583091 /* SceneDelegate.swift */,
				CFB9A87D2C04953800583091 /* ViewController.swift */,
				CFB9A87F2C04953800583091 /* Main.storyboard */,
				CFB9A8822C04953A00583091 /* Assets.xcassets */,
				CFB9A8842C04953A00583091 /* LaunchScreen.storyboard */,
				CFB9A8872C04953A00583091 /* Info.plist */,
				CFB9A8A92C04973800583091 /* UIColorExtension.swift */,
				CFB9A8C02C04AE0300583091 /* UITextFiledExtentions.swift */,
				CFB9A8AB2C04996F00583091 /* ProtpertiesSingleton.swift */,
			);
			path = ShareKhanTestProject;
			sourceTree = "<group>";
		};
		CFB9A88F2C04953B00583091 /* ShareKhanTestProjectTests */ = {
			isa = PBXGroup;
			children = (
				CFB9A8902C04953B00583091 /* ShareKhanTestProjectTests.swift */,
			);
			path = ShareKhanTestProjectTests;
			sourceTree = "<group>";
		};
		CFB9A8992C04953B00583091 /* ShareKhanTestProjectUITests */ = {
			isa = PBXGroup;
			children = (
				CFB9A89A2C04953B00583091 /* ShareKhanTestProjectUITests.swift */,
				CFB9A89C2C04953B00583091 /* ShareKhanTestProjectUITestsLaunchTests.swift */,
			);
			path = ShareKhanTestProjectUITests;
			sourceTree = "<group>";
		};
		CFB9A8AD2C049A6000583091 /* Cells */ = {
			isa = PBXGroup;
			children = (
				CFB9A8AF2C049A9000583091 /* CellDataStreaming.swift */,
				CFB9A8B02C049A9000583091 /* CellDataStreaming.xib */,
				CFB9A8B32C049C3600583091 /* CellSessionValidation.swift */,
				CFB9A8B42C049C3600583091 /* CellSessionValidation.xib */,
				CFB9A8B82C049D1D00583091 /* CellNotificationCell.swift */,
				CFB9A8B92C049D1D00583091 /* CellNotificationCell.xib */,
				CFB9A8BC2C049DDC00583091 /* CellSliderForFonts.swift */,
				CFB9A8BD2C049DDC00583091 /* CellSliderForFonts.xib */,
			);
			path = Cells;
			sourceTree = "<group>";
		};
/* End PBXGroup section */

/* Begin PBXNativeTarget section */
		CFB9A8752C04953800583091 /* ShareKhanTestProject */ = {
			isa = PBXNativeTarget;
			buildConfigurationList = CFB9A8A02C04953B00583091 /* Build configuration list for PBXNativeTarget "ShareKhanTestProject" */;
			buildPhases = (
				CFB9A8722C04953800583091 /* Sources */,
				CFB9A8732C04953800583091 /* Frameworks */,
				CFB9A8742C04953800583091 /* Resources */,
			);
			buildRules = (
			);
			dependencies = (
			);
			name = ShareKhanTestProject;
			productName = ShareKhanTestProject;
			productReference = CFB9A8762C04953800583091 /* ShareKhanTestProject.app */;
			productType = "com.apple.product-type.application";
		};
		CFB9A88B2C04953B00583091 /* ShareKhanTestProjectTests */ = {
			isa = PBXNativeTarget;
			buildConfigurationList = CFB9A8A32C04953B00583091 /* Build configuration list for PBXNativeTarget "ShareKhanTestProjectTests" */;
			buildPhases = (
				CFB9A8882C04953B00583091 /* Sources */,
				CFB9A8892C04953B00583091 /* Frameworks */,
				CFB9A88A2C04953B00583091 /* Resources */,
			);
			buildRules = (
			);
			dependencies = (
				CFB9A88E2C04953B00583091 /* PBXTargetDependency */,
			);
			name = ShareKhanTestProjectTests;
			productName = ShareKhanTestProjectTests;
			productReference = CFB9A88C2C04953B00583091 /* ShareKhanTestProjectTests.xctest */;
			productType = "com.apple.product-type.bundle.unit-test";
		};
		CFB9A8952C04953B00583091 /* ShareKhanTestProjectUITests */ = {
			isa = PBXNativeTarget;
			buildConfigurationList = CFB9A8A62C04953B00583091 /* Build configuration list for PBXNativeTarget "ShareKhanTestProjectUITests" */;
			buildPhases = (
				CFB9A8922C04953B00583091 /* Sources */,
				CFB9A8932C04953B00583091 /* Frameworks */,
				CFB9A8942C04953B00583091 /* Resources */,
			);
			buildRules = (
			);
			dependencies = (
				CFB9A8982C04953B00583091 /* PBXTargetDependency */,
			);
			name = ShareKhanTestProjectUITests;
			productName = ShareKhanTestProjectUITests;
			productReference = CFB9A8962C04953B00583091 /* ShareKhanTestProjectUITests.xctest */;
			productType = "com.apple.product-type.bundle.ui-testing";
		};
/* End PBXNativeTarget section */

/* Begin PBXProject section */
		CFB9A86E2C04953800583091 /* Project object */ = {
			isa = PBXProject;
			attributes = {
				BuildIndependentTargetsInParallel = 1;
				LastSwiftUpdateCheck = 1540;
				LastUpgradeCheck = 1540;
				TargetAttributes = {
					CFB9A8752C04953800583091 = {
						CreatedOnToolsVersion = 15.4;
					};
					CFB9A88B2C04953B00583091 = {
						CreatedOnToolsVersion = 15.4;
						TestTargetID = CFB9A8752C04953800583091;
					};
					CFB9A8952C04953B00583091 = {
						CreatedOnToolsVersion = 15.4;
						TestTargetID = CFB9A8752C04953800583091;
					};
				};
			};
			buildConfigurationList = CFB9A8712C04953800583091 /* Build configuration list for PBXProject "ShareKhanTestProject" */;
			compatibilityVersion = "Xcode 14.0";
			developmentRegion = en;
			hasScannedForEncodings = 0;
			knownRegions = (
				en,
				Base,
			);
			mainGroup = CFB9A86D2C04953800583091;
			productRefGroup = CFB9A8772C04953800583091 /* Products */;
			projectDirPath = "";
			projectRoot = "";
			targets = (
				CFB9A8752C04953800583091 /* ShareKhanTestProject */,
				CFB9A88B2C04953B00583091 /* ShareKhanTestProjectTests */,
				CFB9A8952C04953B00583091 /* ShareKhanTestProjectUITests */,
			);
		};
/* End PBXProject section */

/* Begin PBXResourcesBuildPhase section */
		CFB9A8742C04953800583091 /* Resources */ = {
			isa = PBXResourcesBuildPhase;
			buildActionMask = 2147483647;
			files = (
				CFB9A8832C04953A00583091 /* Assets.xcassets in Resources */,
				CFB9A8BF2C049DDC00583091 /* CellSliderForFonts.xib in Resources */,
				CFB9A8862C04953A00583091 /* Base in Resources */,
				CFB9A8B22C049A9000583091 /* CellDataStreaming.xib in Resources */,
				CFB9A8B62C049C3600583091 /* CellSessionValidation.xib in Resources */,
				CFB9A8BB2C049D1D00583091 /* CellNotificationCell.xib in Resources */,
				CFB9A8812C04953800583091 /* Base in Resources */,
			);
			runOnlyForDeploymentPostprocessing = 0;
		};
		CFB9A88A2C04953B00583091 /* Resources */ = {
			isa = PBXResourcesBuildPhase;
			buildActionMask = 2147483647;
			files = (
			);
			runOnlyForDeploymentPostprocessing = 0;
		};
		CFB9A8942C04953B00583091 /* Resources */ = {
			isa = PBXResourcesBuildPhase;
			buildActionMask = 2147483647;
			files = (
			);
			runOnlyForDeploymentPostprocessing = 0;
		};
/* End PBXResourcesBuildPhase section */

/* Begin PBXSourcesBuildPhase section */
		CFB9A8722C04953800583091 /* Sources */ = {
			isa = PBXSourcesBuildPhase;
			buildActionMask = 2147483647;
			files = (
				CFB9A8AC2C04996F00583091 /* ProtpertiesSingleton.swift in Sources */,
				CFB9A8B52C049C3600583091 /* CellSessionValidation.swift in Sources */,
				CFB9A87E2C04953800583091 /* ViewController.swift in Sources */,
				CFB9A87A2C04953800583091 /* AppDelegate.swift in Sources */,
				CFB9A8BA2C049D1D00583091 /* CellNotificationCell.swift in Sources */,
				CFB9A87C2C04953800583091 /* SceneDelegate.swift in Sources */,
				CFB9A8B12C049A9000583091 /* CellDataStreaming.swift in Sources */,
				CFB9A8BE2C049DDC00583091 /* CellSliderForFonts.swift in Sources */,
				CFB9A8C12C04AE0300583091 /* UITextFiledExtentions.swift in Sources */,
				CFB9A8AA2C04973800583091 /* UIColorExtension.swift in Sources */,
			);
			runOnlyForDeploymentPostprocessing = 0;
		};
		CFB9A8882C04953B00583091 /* Sources */ = {
			isa = PBXSourcesBuildPhase;
			buildActionMask = 2147483647;
			files = (
				CFB9A8912C04953B00583091 /* ShareKhanTestProjectTests.swift in Sources */,
			);
			runOnlyForDeploymentPostprocessing = 0;
		};
		CFB9A8922C04953B00583091 /* Sources */ = {
			isa = PBXSourcesBuildPhase;
			buildActionMask = 2147483647;
			files = (
				CFB9A89D2C04953B00583091 /* ShareKhanTestProjectUITestsLaunchTests.swift in Sources */,
				CFB9A89B2C04953B00583091 /* ShareKhanTestProjectUITests.swift in Sources */,
			);
			runOnlyForDeploymentPostprocessing = 0;
		};
/* End PBXSourcesBuildPhase section */

/* Begin PBXTargetDependency section */
		CFB9A88E2C04953B00583091 /* PBXTargetDependency */ = {
			isa = PBXTargetDependency;
			target = CFB9A8752C04953800583091 /* ShareKhanTestProject */;
			targetProxy = CFB9A88D2C04953B00583091 /* PBXContainerItemProxy */;
		};
		CFB9A8982C04953B00583091 /* PBXTargetDependency */ = {
			isa = PBXTargetDependency;
			target = CFB9A8752C04953800583091 /* ShareKhanTestProject */;
			targetProxy = CFB9A8972C04953B00583091 /* PBXContainerItemProxy */;
		};
/* End PBXTargetDependency section */

/* Begin PBXVariantGroup section */
		CFB9A87F2C04953800583091 /* Main.storyboard */ = {
			isa = PBXVariantGroup;
			children = (
				CFB9A8802C04953800583091 /* Base */,
			);
			name = Main.storyboard;
			sourceTree = "<group>";
		};
		CFB9A8842C04953A00583091 /* LaunchScreen.storyboard */ = {
			isa = PBXVariantGroup;
			children = (
				CFB9A8852C04953A00583091 /* Base */,
			);
			name = LaunchScreen.storyboard;
			sourceTree = "<group>";
		};
/* End PBXVariantGroup section */

/* Begin XCBuildConfiguration section */
		CFB9A89E2C04953B00583091 /* Debug */ = {
			isa = XCBuildConfiguration;
			buildSettings = {
				ALWAYS_SEARCH_USER_PATHS = NO;
				ASSETCATALOG_COMPILER_GENERATE_SWIFT_ASSET_SYMBOL_EXTENSIONS = YES;
				CLANG_ANALYZER_NONNULL = YES;
				CLANG_ANALYZER_NUMBER_OBJECT_CONVERSION = YES_AGGRESSIVE;
				CLANG_CXX_LANGUAGE_STANDARD = "gnu++20";
				CLANG_ENABLE_MODULES = YES;
				CLANG_ENABLE_OBJC_ARC = YES;
				CLANG_ENABLE_OBJC_WEAK = YES;
				CLANG_WARN_BLOCK_CAPTURE_AUTORELEASING = YES;
				CLANG_WARN_BOOL_CONVERSION = YES;
				CLANG_WARN_COMMA = YES;
				CLANG_WARN_CONSTANT_CONVERSION = YES;
				CLANG_WARN_DEPRECATED_OBJC_IMPLEMENTATIONS = YES;
				CLANG_WARN_DIRECT_OBJC_ISA_USAGE = YES_ERROR;
				CLANG_WARN_DOCUMENTATION_COMMENTS = YES;
				CLANG_WARN_EMPTY_BODY = YES;
				CLANG_WARN_ENUM_CONVERSION = YES;
				CLANG_WARN_INFINITE_RECURSION = YES;
				CLANG_WARN_INT_CONVERSION = YES;
				CLANG_WARN_NON_LITERAL_NULL_CONVERSION = YES;
				CLANG_WARN_OBJC_IMPLICIT_RETAIN_SELF = YES;
				CLANG_WARN_OBJC_LITERAL_CONVERSION = YES;
				CLANG_WARN_OBJC_ROOT_CLASS = YES_ERROR;
				CLANG_WARN_QUOTED_INCLUDE_IN_FRAMEWORK_HEADER = YES;
				CLANG_WARN_RANGE_LOOP_ANALYSIS = YES;
				CLANG_WARN_STRICT_PROTOTYPES = YES;
				CLANG_WARN_SUSPICIOUS_MOVE = YES;
				CLANG_WARN_UNGUARDED_AVAILABILITY = YES_AGGRESSIVE;
				CLANG_WARN_UNREACHABLE_CODE = YES;
				CLANG_WARN__DUPLICATE_METHOD_MATCH = YES;
				COPY_PHASE_STRIP = NO;
				DEBUG_INFORMATION_FORMAT = dwarf;
				ENABLE_STRICT_OBJC_MSGSEND = YES;
				ENABLE_TESTABILITY = YES;
				ENABLE_USER_SCRIPT_SANDBOXING = YES;
				GCC_C_LANGUAGE_STANDARD = gnu17;
				GCC_DYNAMIC_NO_PIC = NO;
				GCC_NO_COMMON_BLOCKS = YES;
				GCC_OPTIMIZATION_LEVEL = 0;
				GCC_PREPROCESSOR_DEFINITIONS = (
					"DEBUG=1",
					"$(inherited)",
				);
				GCC_WARN_64_TO_32_BIT_CONVERSION = YES;
				GCC_WARN_ABOUT_RETURN_TYPE = YES_ERROR;
				GCC_WARN_UNDECLARED_SELECTOR = YES;
				GCC_WARN_UNINITIALIZED_AUTOS = YES_AGGRESSIVE;
				GCC_WARN_UNUSED_FUNCTION = YES;
				GCC_WARN_UNUSED_VARIABLE = YES;
				IPHONEOS_DEPLOYMENT_TARGET = 17.5;
				LOCALIZATION_PREFERS_STRING_CATALOGS = YES;
				MTL_ENABLE_DEBUG_INFO = INCLUDE_SOURCE;
				MTL_FAST_MATH = YES;
				ONLY_ACTIVE_ARCH = YES;
				SDKROOT = iphoneos;
				SWIFT_ACTIVE_COMPILATION_CONDITIONS = "DEBUG $(inherited)";
				SWIFT_OPTIMIZATION_LEVEL = "-Onone";
			};
			name = Debug;
		};
		CFB9A89F2C04953B00583091 /* Release */ = {
			isa = XCBuildConfiguration;
			buildSettings = {
				ALWAYS_SEARCH_USER_PATHS = NO;
				ASSETCATALOG_COMPILER_GENERATE_SWIFT_ASSET_SYMBOL_EXTENSIONS = YES;
				CLANG_ANALYZER_NONNULL = YES;
				CLANG_ANALYZER_NUMBER_OBJECT_CONVERSION = YES_AGGRESSIVE;
				CLANG_CXX_LANGUAGE_STANDARD = "gnu++20";
				CLANG_ENABLE_MODULES = YES;
				CLANG_ENABLE_OBJC_ARC = YES;
				CLANG_ENABLE_OBJC_WEAK = YES;
				CLANG_WARN_BLOCK_CAPTURE_AUTORELEASING = YES;
				CLANG_WARN_BOOL_CONVERSION = YES;
				CLANG_WARN_COMMA = YES;
				CLANG_WARN_CONSTANT_CONVERSION = YES;
				CLANG_WARN_DEPRECATED_OBJC_IMPLEMENTATIONS = YES;
				CLANG_WARN_DIRECT_OBJC_ISA_USAGE = YES_ERROR;
				CLANG_WARN_DOCUMENTATION_COMMENTS = YES;
				CLANG_WARN_EMPTY_BODY = YES;
				CLANG_WARN_ENUM_CONVERSION = YES;
				CLANG_WARN_INFINITE_RECURSION = YES;
				CLANG_WARN_INT_CONVERSION = YES;
				CLANG_WARN_NON_LITERAL_NULL_CONVERSION = YES;
				CLANG_WARN_OBJC_IMPLICIT_RETAIN_SELF = YES;
				CLANG_WARN_OBJC_LITERAL_CONVERSION = YES;
				CLANG_WARN_OBJC_ROOT_CLASS = YES_ERROR;
				CLANG_WARN_QUOTED_INCLUDE_IN_FRAMEWORK_HEADER = YES;
				CLANG_WARN_RANGE_LOOP_ANALYSIS = YES;
				CLANG_WARN_STRICT_PROTOTYPES = YES;
				CLANG_WARN_SUSPICIOUS_MOVE = YES;
				CLANG_WARN_UNGUARDED_AVAILABILITY = YES_AGGRESSIVE;
				CLANG_WARN_UNREACHABLE_CODE = YES;
				CLANG_WARN__DUPLICATE_METHOD_MATCH = YES;
				COPY_PHASE_STRIP = NO;
				DEBUG_INFORMATION_FORMAT = "dwarf-with-dsym";
				ENABLE_NS_ASSERTIONS = NO;
				ENABLE_STRICT_OBJC_MSGSEND = YES;
				ENABLE_USER_SCRIPT_SANDBOXING = YES;
				GCC_C_LANGUAGE_STANDARD = gnu17;
				GCC_NO_COMMON_BLOCKS = YES;
				GCC_WARN_64_TO_32_BIT_CONVERSION = YES;
				GCC_WARN_ABOUT_RETURN_TYPE = YES_ERROR;
				GCC_WARN_UNDECLARED_SELECTOR = YES;
				GCC_WARN_UNINITIALIZED_AUTOS = YES_AGGRESSIVE;
				GCC_WARN_UNUSED_FUNCTION = YES;
				GCC_WARN_UNUSED_VARIABLE = YES;
				IPHONEOS_DEPLOYMENT_TARGET = 17.5;
				LOCALIZATION_PREFERS_STRING_CATALOGS = YES;
				MTL_ENABLE_DEBUG_INFO = NO;
				MTL_FAST_MATH = YES;
				SDKROOT = iphoneos;
				SWIFT_COMPILATION_MODE = wholemodule;
				VALIDATE_PRODUCT = YES;
			};
			name = Release;
		};
		CFB9A8A12C04953B00583091 /* Debug */ = {
			isa = XCBuildConfiguration;
			buildSettings = {
				ASSETCATALOG_COMPILER_APPICON_NAME = AppIcon;
				ASSETCATALOG_COMPILER_GLOBAL_ACCENT_COLOR_NAME = AccentColor;
				CODE_SIGN_STYLE = Automatic;
				CURRENT_PROJECT_VERSION = 1;
				DEVELOPMENT_TEAM = Q2MM52K4UX;
				GENERATE_INFOPLIST_FILE = YES;
				INFOPLIST_FILE = ShareKhanTestProject/Info.plist;
				INFOPLIST_KEY_UIApplicationSupportsIndirectInputEvents = YES;
				INFOPLIST_KEY_UILaunchStoryboardName = LaunchScreen;
				INFOPLIST_KEY_UIMainStoryboardFile = Main;
				INFOPLIST_KEY_UISupportedInterfaceOrientations_iPad = "UIInterfaceOrientationPortrait UIInterfaceOrientationPortraitUpsideDown UIInterfaceOrientationLandscapeLeft UIInterfaceOrientationLandscapeRight";
				INFOPLIST_KEY_UISupportedInterfaceOrientations_iPhone = "UIInterfaceOrientationPortrait UIInterfaceOrientationLandscapeLeft UIInterfaceOrientationLandscapeRight";
				LD_RUNPATH_SEARCH_PATHS = (
					"$(inherited)",
					"@executable_path/Frameworks",
				);
				MARKETING_VERSION = 1.0;
				PRODUCT_BUNDLE_IDENTIFIER = com.myproject.test.ShareKhanTestProject;
				PRODUCT_NAME = "$(TARGET_NAME)";
				SWIFT_EMIT_LOC_STRINGS = YES;
				SWIFT_VERSION = 5.0;
				TARGETED_DEVICE_FAMILY = "1,2";
			};
			name = Debug;
		};
		CFB9A8A22C04953B00583091 /* Release */ = {
			isa = XCBuildConfiguration;
			buildSettings = {
				ASSETCATALOG_COMPILER_APPICON_NAME = AppIcon;
				ASSETCATALOG_COMPILER_GLOBAL_ACCENT_COLOR_NAME = AccentColor;
				CODE_SIGN_STYLE = Automatic;
				CURRENT_PROJECT_VERSION = 1;
				DEVELOPMENT_TEAM = Q2MM52K4UX;
				GENERATE_INFOPLIST_FILE = YES;
				INFOPLIST_FILE = ShareKhanTestProject/Info.plist;
				INFOPLIST_KEY_UIApplicationSupportsIndirectInputEvents = YES;
				INFOPLIST_KEY_UILaunchStoryboardName = LaunchScreen;
				INFOPLIST_KEY_UIMainStoryboardFile = Main;
				INFOPLIST_KEY_UISupportedInterfaceOrientations_iPad = "UIInterfaceOrientationPortrait UIInterfaceOrientationPortraitUpsideDown UIInterfaceOrientationLandscapeLeft UIInterfaceOrientationLandscapeRight";
				INFOPLIST_KEY_UISupportedInterfaceOrientations_iPhone = "UIInterfaceOrientationPortrait UIInterfaceOrientationLandscapeLeft UIInterfaceOrientationLandscapeRight";
				LD_RUNPATH_SEARCH_PATHS = (
					"$(inherited)",
					"@executable_path/Frameworks",
				);
				MARKETING_VERSION = 1.0;
				PRODUCT_BUNDLE_IDENTIFIER = com.myproject.test.ShareKhanTestProject;
				PRODUCT_NAME = "$(TARGET_NAME)";
				SWIFT_EMIT_LOC_STRINGS = YES;
				SWIFT_VERSION = 5.0;
				TARGETED_DEVICE_FAMILY = "1,2";
			};
			name = Release;
		};
		CFB9A8A42C04953B00583091 /* Debug */ = {
			isa = XCBuildConfiguration;
			buildSettings = {
				ALWAYS_EMBED_SWIFT_STANDARD_LIBRARIES = YES;
				BUNDLE_LOADER = "$(TEST_HOST)";
				CODE_SIGN_STYLE = Automatic;
				CURRENT_PROJECT_VERSION = 1;
				DEVELOPMENT_TEAM = Q2MM52K4UX;
				GENERATE_INFOPLIST_FILE = YES;
				IPHONEOS_DEPLOYMENT_TARGET = 17.5;
				MARKETING_VERSION = 1.0;
				PRODUCT_BUNDLE_IDENTIFIER = com.myproject.test.ShareKhanTestProjectTests;
				PRODUCT_NAME = "$(TARGET_NAME)";
				SWIFT_EMIT_LOC_STRINGS = NO;
				SWIFT_VERSION = 5.0;
				TARGETED_DEVICE_FAMILY = "1,2";
				TEST_HOST = "$(BUILT_PRODUCTS_DIR)/ShareKhanTestProject.app/$(BUNDLE_EXECUTABLE_FOLDER_PATH)/ShareKhanTestProject";
			};
			name = Debug;
		};
		CFB9A8A52C04953B00583091 /* Release */ = {
			isa = XCBuildConfiguration;
			buildSettings = {
				ALWAYS_EMBED_SWIFT_STANDARD_LIBRARIES = YES;
				BUNDLE_LOADER = "$(TEST_HOST)";
				CODE_SIGN_STYLE = Automatic;
				CURRENT_PROJECT_VERSION = 1;
				DEVELOPMENT_TEAM = Q2MM52K4UX;
				GENERATE_INFOPLIST_FILE = YES;
				IPHONEOS_DEPLOYMENT_TARGET = 17.5;
				MARKETING_VERSION = 1.0;
				PRODUCT_BUNDLE_IDENTIFIER = com.myproject.test.ShareKhanTestProjectTests;
				PRODUCT_NAME = "$(TARGET_NAME)";
				SWIFT_EMIT_LOC_STRINGS = NO;
				SWIFT_VERSION = 5.0;
				TARGETED_DEVICE_FAMILY = "1,2";
				TEST_HOST = "$(BUILT_PRODUCTS_DIR)/ShareKhanTestProject.app/$(BUNDLE_EXECUTABLE_FOLDER_PATH)/ShareKhanTestProject";
			};
			name = Release;
		};
		CFB9A8A72C04953B00583091 /* Debug */ = {
			isa = XCBuildConfiguration;
			buildSettings = {
				ALWAYS_EMBED_SWIFT_STANDARD_LIBRARIES = YES;
				CODE_SIGN_STYLE = Automatic;
				CURRENT_PROJECT_VERSION = 1;
				DEVELOPMENT_TEAM = Q2MM52K4UX;
				GENERATE_INFOPLIST_FILE = YES;
				MARKETING_VERSION = 1.0;
				PRODUCT_BUNDLE_IDENTIFIER = com.myproject.test.ShareKhanTestProjectUITests;
				PRODUCT_NAME = "$(TARGET_NAME)";
				SWIFT_EMIT_LOC_STRINGS = NO;
				SWIFT_VERSION = 5.0;
				TARGETED_DEVICE_FAMILY = "1,2";
				TEST_TARGET_NAME = ShareKhanTestProject;
			};
			name = Debug;
		};
		CFB9A8A82C04953B00583091 /* Release */ = {
			isa = XCBuildConfiguration;
			buildSettings = {
				ALWAYS_EMBED_SWIFT_STANDARD_LIBRARIES = YES;
				CODE_SIGN_STYLE = Automatic;
				CURRENT_PROJECT_VERSION = 1;
				DEVELOPMENT_TEAM = Q2MM52K4UX;
				GENERATE_INFOPLIST_FILE = YES;
				MARKETING_VERSION = 1.0;
				PRODUCT_BUNDLE_IDENTIFIER = com.myproject.test.ShareKhanTestProjectUITests;
				PRODUCT_NAME = "$(TARGET_NAME)";
				SWIFT_EMIT_LOC_STRINGS = NO;
				SWIFT_VERSION = 5.0;
				TARGETED_DEVICE_FAMILY = "1,2";
				TEST_TARGET_NAME = ShareKhanTestProject;
			};
			name = Release;
		};
/* End XCBuildConfiguration section */

/* Begin XCConfigurationList section */
		CFB9A8712C04953800583091 /* Build configuration list for PBXProject "ShareKhanTestProject" */ = {
			isa = XCConfigurationList;
			buildConfigurations = (
				CFB9A89E2C04953B00583091 /* Debug */,
				CFB9A89F2C04953B00583091 /* Release */,
			);
			defaultConfigurationIsVisible = 0;
			defaultConfigurationName = Release;
		};
		CFB9A8A02C04953B00583091 /* Build configuration list for PBXNativeTarget "ShareKhanTestProject" */ = {
			isa = XCConfigurationList;
			buildConfigurations = (
				CFB9A8A12C04953B00583091 /* Debug */,
				CFB9A8A22C04953B00583091 /* Release */,
			);
			defaultConfigurationIsVisible = 0;
			defaultConfigurationName = Release;
		};
		CFB9A8A32C04953B00583091 /* Build configuration list for PBXNativeTarget "ShareKhanTestProjectTests" */ = {
			isa = XCConfigurationList;
			buildConfigurations = (
				CFB9A8A42C04953B00583091 /* Debug */,
				CFB9A8A52C04953B00583091 /* Release */,
			);
			defaultConfigurationIsVisible = 0;
			defaultConfigurationName = Release;
		};
		CFB9A8A62C04953B00583091 /* Build configuration list for PBXNativeTarget "ShareKhanTestProjectUITests" */ = {
			isa = XCConfigurationList;
			buildConfigurations = (
				CFB9A8A72C04953B00583091 /* Debug */,
				CFB9A8A82C04953B00583091 /* Release */,
			);
			defaultConfigurationIsVisible = 0;
			defaultConfigurationName = Release;
		};
/* End XCConfigurationList section */
	};
	rootObject = CFB9A86E2C04953800583091 /* Project object */;
}
